// !$*UTF8*$!
{
	archiveVersion = 1;
	classes = {
	};
	objectVersion = 46;
	objects = {

/* Begin PBXBuildFile section */
		A892EFAC1D0D122D0028EED2 /* main.m in Sources */ = {isa = PBXBuildFile; fileRef = A892EFAB1D0D122D0028EED2 /* main.m */; };
		A892EFAF1D0D122D0028EED2 /* AppDelegate.m in Sources */ = {isa = PBXBuildFile; fileRef = A892EFAE1D0D122D0028EED2 /* AppDelegate.m */; };
		A892EFB21D0D122D0028EED2 /* ViewController.m in Sources */ = {isa = PBXBuildFile; fileRef = A892EFB11D0D122D0028EED2 /* ViewController.m */; };
		A892EFB51D0D122D0028EED2 /* Main.storyboard in Resources */ = {isa = PBXBuildFile; fileRef = A892EFB31D0D122D0028EED2 /* Main.storyboard */; };
		A892EFB71D0D122D0028EED2 /* Assets.xcassets in Resources */ = {isa = PBXBuildFile; fileRef = A892EFB61D0D122D0028EED2 /* Assets.xcassets */; };
		A892EFBA1D0D122D0028EED2 /* LaunchScreen.storyboard in Resources */ = {isa = PBXBuildFile; fileRef = A892EFB81D0D122D0028EED2 /* LaunchScreen.storyboard */; };
		A892EFC71D0D12D20028EED2 /* area.plist in Resources */ = {isa = PBXBuildFile; fileRef = A892EFC21D0D12D20028EED2 /* area.plist */; };
		A892EFC81D0D12D20028EED2 /* STPickerArea.m in Sources */ = {isa = PBXBuildFile; fileRef = A892EFC41D0D12D20028EED2 /* STPickerArea.m */; };
		A892EFC91D0D12D20028EED2 /* STToolbar.m in Sources */ = {isa = PBXBuildFile; fileRef = A892EFC61D0D12D20028EED2 /* STToolbar.m */; };
		A892EFD21D0D13AC0028EED2 /* STConst.m in Sources */ = {isa = PBXBuildFile; fileRef = A892EFCD1D0D13AC0028EED2 /* STConst.m */; };
		A892EFD31D0D13AC0028EED2 /* STUI.m in Sources */ = {isa = PBXBuildFile; fileRef = A892EFCF1D0D13AC0028EED2 /* STUI.m */; };
		A892EFD41D0D13AC0028EED2 /* UIView+ST.m in Sources */ = {isa = PBXBuildFile; fileRef = A892EFD11D0D13AC0028EED2 /* UIView+ST.m */; };
/* End PBXBuildFile section */

/* Begin PBXFileReference section */
		A892EFA71D0D122D0028EED2 /* PickerView.app */ = {isa = PBXFileReference; explicitFileType = wrapper.application; includeInIndex = 0; path = PickerView.app; sourceTree = BUILT_PRODUCTS_DIR; };
		A892EFAB1D0D122D0028EED2 /* main.m */ = {isa = PBXFileReference; lastKnownFileType = sourcecode.c.objc; path = main.m; sourceTree = "<group>"; };
		A892EFAD1D0D122D0028EED2 /* AppDelegate.h */ = {isa = PBXFileReference; lastKnownFileType = sourcecode.c.h; path = AppDelegate.h; sourceTree = "<group>"; };
		A892EFAE1D0D122D0028EED2 /* AppDelegate.m */ = {isa = PBXFileReference; lastKnownFileType = sourcecode.c.objc; path = AppDelegate.m; sourceTree = "<group>"; };
		A892EFB01D0D122D0028EED2 /* ViewController.h */ = {isa = PBXFileReference; lastKnownFileType = sourcecode.c.h; path = ViewController.h; sourceTree = "<group>"; };
		A892EFB11D0D122D0028EED2 /* ViewController.m */ = {isa = PBXFileReference; lastKnownFileType = sourcecode.c.objc; path = ViewController.m; sourceTree = "<group>"; };
		A892EFB41D0D122D0028EED2 /* Base */ = {isa = PBXFileReference; lastKnownFileType = file.storyboard; name = Base; path = Base.lproj/Main.storyboard; sourceTree = "<group>"; };
		A892EFB61D0D122D0028EED2 /* Assets.xcassets */ = {isa = PBXFileReference; lastKnownFileType = folder.assetcatalog; path = Assets.xcassets; sourceTree = "<group>"; };
		A892EFB91D0D122D0028EED2 /* Base */ = {isa = PBXFileReference; lastKnownFileType = file.storyboard; name = Base; path = Base.lproj/LaunchScreen.storyboard; sourceTree = "<group>"; };
		A892EFBB1D0D122D0028EED2 /* Info.plist */ = {isa = PBXFileReference; lastKnownFileType = text.plist.xml; path = Info.plist; sourceTree = "<group>"; };
		A892EFC21D0D12D20028EED2 /* area.plist */ = {isa = PBXFileReference; fileEncoding = 4; lastKnownFileType = text.plist.xml; path = area.plist; sourceTree = "<group>"; };
		A892EFC31D0D12D20028EED2 /* STPickerArea.h */ = {isa = PBXFileReference; fileEncoding = 4; lastKnownFileType = sourcecode.c.h; path = STPickerArea.h; sourceTree = "<group>"; };
		A892EFC41D0D12D20028EED2 /* STPickerArea.m */ = {isa = PBXFileReference; fileEncoding = 4; lastKnownFileType = sourcecode.c.objc; path = STPickerArea.m; sourceTree = "<group>"; };
		A892EFC51D0D12D20028EED2 /* STToolbar.h */ = {isa = PBXFileReference; fileEncoding = 4; lastKnownFileType = sourcecode.c.h; path = STToolbar.h; sourceTree = "<group>"; };
		A892EFC61D0D12D20028EED2 /* STToolbar.m */ = {isa = PBXFileReference; fileEncoding = 4; lastKnownFileType = sourcecode.c.objc; path = STToolbar.m; sourceTree = "<group>"; };
		A892EFCB1D0D13AC0028EED2 /* STConfig.h */ = {isa = PBXFileReference; fileEncoding = 4; lastKnownFileType = sourcecode.c.h; path = STConfig.h; sourceTree = "<group>"; };
		A892EFCC1D0D13AC0028EED2 /* STConst.h */ = {isa = PBXFileReference; fileEncoding = 4; lastKnownFileType = sourcecode.c.h; path = STConst.h; sourceTree = "<group>"; };
		A892EFCD1D0D13AC0028EED2 /* STConst.m */ = {isa = PBXFileReference; fileEncoding = 4; lastKnownFileType = sourcecode.c.objc; path = STConst.m; sourceTree = "<group>"; };
		A892EFCE1D0D13AC0028EED2 /* STUI.h */ = {isa = PBXFileReference; fileEncoding = 4; lastKnownFileType = sourcecode.c.h; path = STUI.h; sourceTree = "<group>"; };
		A892EFCF1D0D13AC0028EED2 /* STUI.m */ = {isa = PBXFileReference; fileEncoding = 4; lastKnownFileType = sourcecode.c.objc; path = STUI.m; sourceTree = "<group>"; };
		A892EFD01D0D13AC0028EED2 /* UIView+ST.h */ = {isa = PBXFileReference; fileEncoding = 4; lastKnownFileType = sourcecode.c.h; path = "UIView+ST.h"; sourceTree = "<group>"; };
		A892EFD11D0D13AC0028EED2 /* UIView+ST.m */ = {isa = PBXFileReference; fileEncoding = 4; lastKnownFileType = sourcecode.c.objc; path = "UIView+ST.m"; sourceTree = "<group>"; };
/* End PBXFileReference section */

/* Begin PBXFrameworksBuildPhase section */
		A892EFA41D0D122D0028EED2 /* Frameworks */ = {
			isa = PBXFrameworksBuildPhase;
			buildActionMask = 2147483647;
			files = (
			);
			runOnlyForDeploymentPostprocessing = 0;
		};
/* End PBXFrameworksBuildPhase section */

/* Begin PBXGroup section */
		A892EF9E1D0D122D0028EED2 = {
			isa = PBXGroup;
			children = (
				A892EFA91D0D122D0028EED2 /* PickerView */,
				A892EFA81D0D122D0028EED2 /* Products */,
			);
			sourceTree = "<group>";
		};
		A892EFA81D0D122D0028EED2 /* Products */ = {
			isa = PBXGroup;
			children = (
				A892EFA71D0D122D0028EED2 /* PickerView.app */,
			);
			name = Products;
			sourceTree = "<group>";
		};
		A892EFA91D0D122D0028EED2 /* PickerView */ = {
			isa = PBXGroup;
			children = (
				A892EFCA1D0D13AC0028EED2 /* STConfig */,
				A892EFC11D0D12B60028EED2 /* Area */,
				A892EFAD1D0D122D0028EED2 /* AppDelegate.h */,
				A892EFAE1D0D122D0028EED2 /* AppDelegate.m */,
				A892EFB01D0D122D0028EED2 /* ViewController.h */,
				A892EFB11D0D122D0028EED2 /* ViewController.m */,
				A892EFB31D0D122D0028EED2 /* Main.storyboard */,
				A892EFB61D0D122D0028EED2 /* Assets.xcassets */,
				A892EFB81D0D122D0028EED2 /* LaunchScreen.storyboard */,
				A892EFBB1D0D122D0028EED2 /* Info.plist */,
				A892EFAA1D0D122D0028EED2 /* Supporting Files */,
			);
			path = PickerView;
			sourceTree = "<group>";
		};
		A892EFAA1D0D122D0028EED2 /* Supporting Files */ = {
			isa = PBXGroup;
			children = (
				A892EFAB1D0D122D0028EED2 /* main.m */,
			);
			name = "Supporting Files";
			sourceTree = "<group>";
		};
		A892EFC11D0D12B60028EED2 /* Area */ = {
			isa = PBXGroup;
			children = (
				A892EFC21D0D12D20028EED2 /* area.plist */,
				A892EFC31D0D12D20028EED2 /* STPickerArea.h */,
				A892EFC41D0D12D20028EED2 /* STPickerArea.m */,
				A892EFC51D0D12D20028EED2 /* STToolbar.h */,
				A892EFC61D0D12D20028EED2 /* STToolbar.m */,
			);
			path = Area;
			sourceTree = "<group>";
		};
		A892EFCA1D0D13AC0028EED2 /* STConfig */ = {
			isa = PBXGroup;
			children = (
				A892EFCB1D0D13AC0028EED2 /* STConfig.h */,
				A892EFCC1D0D13AC0028EED2 /* STConst.h */,
				A892EFCD1D0D13AC0028EED2 /* STConst.m */,
				A892EFCE1D0D13AC0028EED2 /* STUI.h */,
				A892EFCF1D0D13AC0028EED2 /* STUI.m */,
				A892EFD01D0D13AC0028EED2 /* UIView+ST.h */,
				A892EFD11D0D13AC0028EED2 /* UIView+ST.m */,
			);
			path = STConfig;
			sourceTree = "<group>";
		};
/* End PBXGroup section */

/* Begin PBXNativeTarget section */
		A892EFA61D0D122D0028EED2 /* PickerView */ = {
			isa = PBXNativeTarget;
			buildConfigurationList = A892EFBE1D0D122D0028EED2 /* Build configuration list for PBXNativeTarget "PickerView" */;
			buildPhases = (
				A892EFA31D0D122D0028EED2 /* Sources */,
				A892EFA41D0D122D0028EED2 /* Frameworks */,
				A892EFA51D0D122D0028EED2 /* Resources */,
			);
			buildRules = (
			);
			dependencies = (
			);
			name = PickerView;
			productName = PickerView;
			productReference = A892EFA71D0D122D0028EED2 /* PickerView.app */;
			productType = "com.apple.product-type.application";
		};
/* End PBXNativeTarget section */

/* Begin PBXProject section */
		A892EF9F1D0D122D0028EED2 /* Project object */ = {
			isa = PBXProject;
			attributes = {
				LastUpgradeCheck = 0730;
				ORGANIZATIONNAME = "Meng Fan";
				TargetAttributes = {
					A892EFA61D0D122D0028EED2 = {
						CreatedOnToolsVersion = 7.3;
					};
				};
			};
			buildConfigurationList = A892EFA21D0D122D0028EED2 /* Build configuration list for PBXProject "PickerView" */;
			compatibilityVersion = "Xcode 3.2";
			developmentRegion = English;
			hasScannedForEncodings = 0;
			knownRegions = (
				en,
				Base,
			);
			mainGroup = A892EF9E1D0D122D0028EED2;
			productRefGroup = A892EFA81D0D122D0028EED2 /* Products */;
			projectDirPath = "";
			projectRoot = "";
			targets = (
				A892EFA61D0D122D0028EED2 /* PickerView */,
			);
		};
/* End PBXProject section */

/* Begin PBXResourcesBuildPhase section */
		A892EFA51D0D122D0028EED2 /* Resources */ = {
			isa = PBXResourcesBuildPhase;
			buildActionMask = 2147483647;
			files = (
				A892EFBA1D0D122D0028EED2 /* LaunchScreen.storyboard in Resources */,
				A892EFC71D0D12D20028EED2 /* area.plist in Resources */,
				A892EFB71D0D122D0028EED2 /* Assets.xcassets in Resources */,
				A892EFB51D0D122D0028EED2 /* Main.storyboard in Resources */,
			);
			runOnlyForDeploymentPostprocessing = 0;
		};
/* End PBXResourcesBuildPhase section */

/* Begin PBXSourcesBuildPhase section */
		A892EFA31D0D122D0028EED2 /* Sources */ = {
			isa = PBXSourcesBuildPhase;
			buildActionMask = 2147483647;
			files = (
				A892EFD21D0D13AC0028EED2 /* STConst.m in Sources */,
				A892EFD41D0D13AC0028EED2 /* UIView+ST.m in Sources */,
				A892EFB21D0D122D0028EED2 /* ViewController.m in Sources */,
				A892EFC91D0D12D20028EED2 /* STToolbar.m in Sources */,
				A892EFD31D0D13AC0028EED2 /* STUI.m in Sources */,
				A892EFAF1D0D122D0028EED2 /* AppDelegate.m in Sources */,
				A892EFAC1D0D122D0028EED2 /* main.m in Sources */,
				A892EFC81D0D12D20028EED2 /* STPickerArea.m in Sources */,
			);
			runOnlyForDeploymentPostprocessing = 0;
		};
/* End PBXSourcesBuildPhase section */

/* Begin PBXVariantGroup section */
		A892EFB31D0D122D0028EED2 /* Main.storyboard */ = {
			isa = PBXVariantGroup;
			children = (
				A892EFB41D0D122D0028EED2 /* Base */,
			);
			name = Main.storyboard;
			sourceTree = "<group>";
		};
		A892EFB81D0D122D0028EED2 /* LaunchScreen.storyboard */ = {
			isa = PBXVariantGroup;
			children = (
				A892EFB91D0D122D0028EED2 /* Base */,
			);
			name = LaunchScreen.storyboard;
			sourceTree = "<group>";
		};
/* End PBXVariantGroup section */

/* Begin XCBuildConfiguration section */
		A892EFBC1D0D122D0028EED2 /* Debug */ = {
			isa = XCBuildConfiguration;
			buildSettings = {
				ALWAYS_SEARCH_USER_PATHS = NO;
				CLANG_ANALYZER_NONNULL = YES;
				CLANG_CXX_LANGUAGE_STANDARD = "gnu++0x";
				CLANG_CXX_LIBRARY = "libc++";
				CLANG_ENABLE_MODULES = YES;
				CLANG_ENABLE_OBJC_ARC = YES;
				CLANG_WARN_BOOL_CONVERSION = YES;
				CLANG_WARN_CONSTANT_CONVERSION = YES;
				CLANG_WARN_DIRECT_OBJC_ISA_USAGE = YES_ERROR;
				CLANG_WARN_EMPTY_BODY = YES;
				CLANG_WARN_ENUM_CONVERSION = YES;
				CLANG_WARN_INT_CONVERSION = YES;
				CLANG_WARN_OBJC_ROOT_CLASS = YES_ERROR;
				CLANG_WARN_UNREACHABLE_CODE = YES;
				CLANG_WARN__DUPLICATE_METHOD_MATCH = YES;
				"CODE_SIGN_IDENTITY[sdk=iphoneos*]" = "iPhone Developer";
				COPY_PHASE_STRIP = NO;
				DEBUG_INFORMATION_FORMAT = dwarf;
				ENABLE_STRICT_OBJC_MSGSEND = YES;
				ENABLE_TESTABILITY = YES;
				GCC_C_LANGUAGE_STANDARD = gnu99;
				GCC_DYNAMIC_NO_PIC = NO;
				GCC_NO_COMMON_BLOCKS = YES;
				GCC_OPTIMIZATION_LEVEL = 0;
				GCC_PREPROCESSOR_DEFINITIONS = (
					"DEBUG=1",
					"$(inherited)",
				);
				GCC_WARN_64_TO_32_BIT_CONVERSION = YES;
				GCC_WARN_ABOUT_RETURN_TYPE = YES_ERROR;
				GCC_WARN_UNDECLARED_SELECTOR = YES;
				GCC_WARN_UNINITIALIZED_AUTOS = YES_AGGRESSIVE;
				GCC_WARN_UNUSED_FUNCTION = YES;
				GCC_WARN_UNUSED_VARIABLE = YES;
				IPHONEOS_DEPLOYMENT_TARGET = 9.3;
				MTL_ENABLE_DEBUG_INFO = YES;
				ONLY_ACTIVE_ARCH = YES;
				SDKROOT = iphoneos;
				TARGETED_DEVICE_FAMILY = "1,2";
			};
			name = Debug;
		};
		A892EFBD1D0D122D0028EED2 /* Release */ = {
			isa = XCBuildConfiguration;
			buildSettings = {
				ALWAYS_SEARCH_USER_PATHS = NO;
				CLANG_ANALYZER_NONNULL = YES;
				CLANG_CXX_LANGUAGE_STANDARD = "gnu++0x";
				CLANG_CXX_LIBRARY = "libc++";
				CLANG_ENABLE_MODULES = YES;
				CLANG_ENABLE_OBJC_ARC = YES;
				CLANG_WARN_BOOL_CONVERSION = YES;
				CLANG_WARN_CONSTANT_CONVERSION = YES;
				CLANG_WARN_DIRECT_OBJC_ISA_USAGE = YES_ERROR;
				CLANG_WARN_EMPTY_BODY = YES;
				CLANG_WARN_ENUM_CONVERSION = YES;
				CLANG_WARN_INT_CONVERSION = YES;
				CLANG_WARN_OBJC_ROOT_CLASS = YES_ERROR;
				CLANG_WARN_UNREACHABLE_CODE = YES;
				CLANG_WARN__DUPLICATE_METHOD_MATCH = YES;
				"CODE_SIGN_IDENTITY[sdk=iphoneos*]" = "iPhone Developer";
				COPY_PHASE_STRIP = NO;
				DEBUG_INFORMATION_FORMAT = "dwarf-with-dsym";
				ENABLE_NS_ASSERTIONS = NO;
				ENABLE_STRICT_OBJC_MSGSEND = YES;
				GCC_C_LANGUAGE_STANDARD = gnu99;
				GCC_NO_COMMON_BLOCKS = YES;
				GCC_WARN_64_TO_32_BIT_CONVERSION = YES;
				GCC_WARN_ABOUT_RETURN_TYPE = YES_ERROR;
				GCC_WARN_UNDECLARED_SELECTOR = YES;
				GCC_WARN_UNINITIALIZED_AUTOS = YES_AGGRESSIVE;
				GCC_WARN_UNUSED_FUNCTION = YES;
				GCC_WARN_UNUSED_VARIABLE = YES;
				IPHONEOS_DEPLOYMENT_TARGET = 9.3;
				MTL_ENABLE_DEBUG_INFO = NO;
				SDKROOT = iphoneos;
				TARGETED_DEVICE_FAMILY = "1,2";
				VALIDATE_PRODUCT = YES;
			};
			name = Release;
		};
		A892EFBF1D0D122D0028EED2 /* Debug */ = {
			isa = XCBuildConfiguration;
			buildSettings = {
				ASSETCATALOG_COMPILER_APPICON_NAME = AppIcon;
				INFOPLIST_FILE = PickerView/Info.plist;
				IPHONEOS_DEPLOYMENT_TARGET = 8.0;
				LD_RUNPATH_SEARCH_PATHS = "$(inherited) @executable_path/Frameworks";
				PRODUCT_BUNDLE_IDENTIFIER = "com.dk.-.PickerView";
				PRODUCT_NAME = "$(TARGET_NAME)";
			};
			name = Debug;
		};
		A892EFC01D0D122D0028EED2 /* Release */ = {
			isa = XCBuildConfiguration;
			buildSettings = {
				ASSETCATALOG_COMPILER_APPICON_NAME = AppIcon;
				INFOPLIST_FILE = PickerView/Info.plist;
				IPHONEOS_DEPLOYMENT_TARGET = 8.0;
				LD_RUNPATH_SEARCH_PATHS = "$(inherited) @executable_path/Frameworks";
				PRODUCT_BUNDLE_IDENTIFIER = "com.dk.-.PickerView";
				PRODUCT_NAME = "$(TARGET_NAME)";
			};
			name = Release;
		};
/* End XCBuildConfiguration section */

/* Begin XCConfigurationList section */
		A892EFA21D0D122D0028EED2 /* Build configuration list for PBXProject "PickerView" */ = {
			isa = XCConfigurationList;
			buildConfigurations = (
				A892EFBC1D0D122D0028EED2 /* Debug */,
				A892EFBD1D0D122D0028EED2 /* Release */,
			);
			defaultConfigurationIsVisible = 0;
			defaultConfigurationName = Release;
		};
		A892EFBE1D0D122D0028EED2 /* Build configuration list for PBXNativeTarget "PickerView" */ = {
			isa = XCConfigurationList;
			buildConfigurations = (
				A892EFBF1D0D122D0028EED2 /* Debug */,
				A892EFC01D0D122D0028EED2 /* Release */,
			);
			defaultConfigurationIsVisible = 0;
		};
/* End XCConfigurationList section */
	};
	rootObject = A892EF9F1D0D122D0028EED2 /* Project object */;
}
